
Microsoft Visual Studio Solution File, Format Version 12.00
# Visual Studio 15
VisualStudioVersion = 15.0.28307.421
MinimumVisualStudioVersion = 10.0.40219.1
Project("{9A19103F-16F7-4668-BE54-9A1E7A4F7556}") = "Ingredient", "Ingredient.Core\Ingredient.csproj", "{A90CD1BF-EE7E-490A-8A3C-75CDA796CE46}"
EndProject
Project("{9A19103F-16F7-4668-BE54-9A1E7A4F7556}") = "Ingredient.Web", "Ingredient.Web\Ingredient.Web.csproj", "{07C007FE-FB1F-4C66-ACB9-8E2D346B878F}"
EndProject
Project("{2150E333-8FDC-42A3-9474-1A3956D46DE8}") = "core", "core", "{555C0AC0-5427-442F-A68F-89F0D193723E}"
EndProject
Project("{2150E333-8FDC-42A3-9474-1A3956D46DE8}") = "infrastructure", "infrastructure", "{A1183C0F-6E6A-46D3-80A5-FE9481BB50BF}"
EndProject
Project("{2150E333-8FDC-42A3-9474-1A3956D46DE8}") = "web", "web", "{1490D480-3FCC-4CF8-9D98-5EE390E3D83E}"
EndProject
Project("{9A19103F-16F7-4668-BE54-9A1E7A4F7556}") = "SharedKernel", "SharedKernel.Core\SharedKernel.csproj", "{2468476C-3DDB-4941-8976-6CC75C729380}"
EndProject
Project("{9A19103F-16F7-4668-BE54-9A1E7A4F7556}") = "SharedKernel.Contracts", "SharedKernel.Contracts\SharedKernel.Contracts.csproj", "{3BE64D99-025E-45B6-9AB8-2CD41733D053}"
EndProject
Project("{9A19103F-16F7-4668-BE54-9A1E7A4F7556}") = "Infrastructure.Ingredient", "Infrastructure.Ingredient\Infrastructure.Ingredient.csproj", "{3AA81C56-5E03-4063-83A1-F5023EDB11F7}"
EndProject
Project("{E53339B2-1760-4266-BCC7-CA923CBCF16C}") = "docker-compose", "docker-compose.dcproj", "{C1CCD080-D953-4401-8245-27C80DEC5CBC}"
EndProject
Project("{9A19103F-16F7-4668-BE54-9A1E7A4F7556}") = "Recipe", "..\Recipe\Recipe.csproj", "{75D8560E-B24E-4649-B583-F3F92D64CC16}"
EndProject
Project("{9A19103F-16F7-4668-BE54-9A1E7A4F7556}") = "Fridge", "Fridge\Fridge.csproj", "{4153B4D1-3F1A-4192-9280-F1B8CA0EF554}"
EndProject
Project("{9A19103F-16F7-4668-BE54-9A1E7A4F7556}") = "Infrastructure.Fridge", "Infrastructure.Fridge\Infrastructure.Fridge.csproj", "{F2AB9995-DB4A-4154-9272-D981BE564F71}"
EndProject
Project("{9A19103F-16F7-4668-BE54-9A1E7A4F7556}") = "Infrastructure.Recipe", "Infrastructure.Recipe\Infrastructure.Recipe.csproj", "{B99833F8-AEB9-4763-9CAB-1448813C4FE8}"
EndProject
Project("{9A19103F-16F7-4668-BE54-9A1E7A4F7556}") = "Recipe.Web", "Recipe.Web\Recipe.Web.csproj", "{03076A41-851F-49C9-88FA-02CA4FF6838C}"
EndProject
Project("{9A19103F-16F7-4668-BE54-9A1E7A4F7556}") = "Fridge.Web", "Fridge.Web\Fridge.Web.csproj", "{792798B1-8756-49DF-A5EA-EC729D5A2AAD}"
EndProject
Project("{9A19103F-16F7-4668-BE54-9A1E7A4F7556}") = "Disposal", "Disposal\Disposal.csproj", "{52F04F6D-9449-47B7-870E-3407BDFBAD70}"
EndProject
Project("{9A19103F-16F7-4668-BE54-9A1E7A4F7556}") = "HousePlan", "HousePlan\HousePlan.csproj", "{5DC588D2-E222-4CD2-AC54-A008D79EBA25}"
EndProject
Project("{9A19103F-16F7-4668-BE54-9A1E7A4F7556}") = "Infrastructure.Disposal", "Infrastructure.Disposal\Infrastructure.Disposal.csproj", "{F0CF4624-154D-4D94-BBA6-F58AC5191CEF}"
EndProject
Project("{9A19103F-16F7-4668-BE54-9A1E7A4F7556}") = "Infrastructure.HousePlan", "Infrastructure.HousePlan\Infrastructure.HousePlan.csproj", "{E835D6F0-E48A-42DA-AB6E-8BFE0EFCC740}"
EndProject
Project("{9A19103F-16F7-4668-BE54-9A1E7A4F7556}") = "Disposal.Web", "Disposal.Web\Disposal.Web.csproj", "{5374FB3D-4C47-4659-93B1-968336126538}"
EndProject
Project("{9A19103F-16F7-4668-BE54-9A1E7A4F7556}") = "HousePlan.Web", "HousePlan.Web\HousePlan.Web.csproj", "{1228115B-F5D1-4F72-BA4A-C23C1425A8BA}"
EndProject
Project("{2150E333-8FDC-42A3-9474-1A3956D46DE8}") = "_build", "_build", "{D2435A3D-1659-4747-B03F-698E5BEB52FE}"
	ProjectSection(SolutionItems) = preProject
		Dockerfile = Dockerfile
		low-memory-my.cnf = low-memory-my.cnf
	EndProjectSection
EndProject
Project("{9A19103F-16F7-4668-BE54-9A1E7A4F7556}") = "Household.Frontend.Angular", "Household.Frontend.Angular\Household.Frontend.Angular.csproj", "{27949451-F9E1-4040-87D1-269BD2DFB335}"
EndProject
Global
	GlobalSection(SolutionConfigurationPlatforms) = preSolution
		Debug|Any CPU = Debug|Any CPU
		Release|Any CPU = Release|Any CPU
	EndGlobalSection
	GlobalSection(ProjectConfigurationPlatforms) = postSolution
		{A90CD1BF-EE7E-490A-8A3C-75CDA796CE46}.Debug|Any CPU.ActiveCfg = Debug|Any CPU
		{A90CD1BF-EE7E-490A-8A3C-75CDA796CE46}.Debug|Any CPU.Build.0 = Debug|Any CPU
		{A90CD1BF-EE7E-490A-8A3C-75CDA796CE46}.Release|Any CPU.ActiveCfg = Release|Any CPU
		{A90CD1BF-EE7E-490A-8A3C-75CDA796CE46}.Release|Any CPU.Build.0 = Release|Any CPU
		{07C007FE-FB1F-4C66-ACB9-8E2D346B878F}.Debug|Any CPU.ActiveCfg = Debug|Any CPU
		{07C007FE-FB1F-4C66-ACB9-8E2D346B878F}.Debug|Any CPU.Build.0 = Debug|Any CPU
		{07C007FE-FB1F-4C66-ACB9-8E2D346B878F}.Release|Any CPU.ActiveCfg = Release|Any CPU
		{07C007FE-FB1F-4C66-ACB9-8E2D346B878F}.Release|Any CPU.Build.0 = Release|Any CPU
		{2468476C-3DDB-4941-8976-6CC75C729380}.Debug|Any CPU.ActiveCfg = Debug|Any CPU
		{2468476C-3DDB-4941-8976-6CC75C729380}.Debug|Any CPU.Build.0 = Debug|Any CPU
		{2468476C-3DDB-4941-8976-6CC75C729380}.Release|Any CPU.ActiveCfg = Release|Any CPU
		{2468476C-3DDB-4941-8976-6CC75C729380}.Release|Any CPU.Build.0 = Release|Any CPU
		{3BE64D99-025E-45B6-9AB8-2CD41733D053}.Debug|Any CPU.ActiveCfg = Debug|Any CPU
		{3BE64D99-025E-45B6-9AB8-2CD41733D053}.Debug|Any CPU.Build.0 = Debug|Any CPU
		{3BE64D99-025E-45B6-9AB8-2CD41733D053}.Release|Any CPU.ActiveCfg = Release|Any CPU
		{3BE64D99-025E-45B6-9AB8-2CD41733D053}.Release|Any CPU.Build.0 = Release|Any CPU
		{3AA81C56-5E03-4063-83A1-F5023EDB11F7}.Debug|Any CPU.ActiveCfg = Debug|Any CPU
		{3AA81C56-5E03-4063-83A1-F5023EDB11F7}.Debug|Any CPU.Build.0 = Debug|Any CPU
		{3AA81C56-5E03-4063-83A1-F5023EDB11F7}.Release|Any CPU.ActiveCfg = Release|Any CPU
		{3AA81C56-5E03-4063-83A1-F5023EDB11F7}.Release|Any CPU.Build.0 = Release|Any CPU
		{C1CCD080-D953-4401-8245-27C80DEC5CBC}.Debug|Any CPU.ActiveCfg = Debug|Any CPU
		{C1CCD080-D953-4401-8245-27C80DEC5CBC}.Debug|Any CPU.Build.0 = Debug|Any CPU
		{C1CCD080-D953-4401-8245-27C80DEC5CBC}.Release|Any CPU.ActiveCfg = Release|Any CPU
		{C1CCD080-D953-4401-8245-27C80DEC5CBC}.Release|Any CPU.Build.0 = Release|Any CPU
		{75D8560E-B24E-4649-B583-F3F92D64CC16}.Debug|Any CPU.ActiveCfg = Debug|Any CPU
		{75D8560E-B24E-4649-B583-F3F92D64CC16}.Debug|Any CPU.Build.0 = Debug|Any CPU
		{75D8560E-B24E-4649-B583-F3F92D64CC16}.Release|Any CPU.ActiveCfg = Release|Any CPU
		{75D8560E-B24E-4649-B583-F3F92D64CC16}.Release|Any CPU.Build.0 = Release|Any CPU
		{4153B4D1-3F1A-4192-9280-F1B8CA0EF554}.Debug|Any CPU.ActiveCfg = Debug|Any CPU
		{4153B4D1-3F1A-4192-9280-F1B8CA0EF554}.Debug|Any CPU.Build.0 = Debug|Any CPU
		{4153B4D1-3F1A-4192-9280-F1B8CA0EF554}.Release|Any CPU.ActiveCfg = Release|Any CPU
		{4153B4D1-3F1A-4192-9280-F1B8CA0EF554}.Release|Any CPU.Build.0 = Release|Any CPU
		{F2AB9995-DB4A-4154-9272-D981BE564F71}.Debug|Any CPU.ActiveCfg = Debug|Any CPU
		{F2AB9995-DB4A-4154-9272-D981BE564F71}.Debug|Any CPU.Build.0 = Debug|Any CPU
		{F2AB9995-DB4A-4154-9272-D981BE564F71}.Release|Any CPU.ActiveCfg = Release|Any CPU
		{F2AB9995-DB4A-4154-9272-D981BE564F71}.Release|Any CPU.Build.0 = Release|Any CPU
		{B99833F8-AEB9-4763-9CAB-1448813C4FE8}.Debug|Any CPU.ActiveCfg = Debug|Any CPU
		{B99833F8-AEB9-4763-9CAB-1448813C4FE8}.Debug|Any CPU.Build.0 = Debug|Any CPU
		{B99833F8-AEB9-4763-9CAB-1448813C4FE8}.Release|Any CPU.ActiveCfg = Release|Any CPU
		{B99833F8-AEB9-4763-9CAB-1448813C4FE8}.Release|Any CPU.Build.0 = Release|Any CPU
		{03076A41-851F-49C9-88FA-02CA4FF6838C}.Debug|Any CPU.ActiveCfg = Debug|Any CPU
		{03076A41-851F-49C9-88FA-02CA4FF6838C}.Debug|Any CPU.Build.0 = Debug|Any CPU
		{03076A41-851F-49C9-88FA-02CA4FF6838C}.Release|Any CPU.ActiveCfg = Release|Any CPU
		{03076A41-851F-49C9-88FA-02CA4FF6838C}.Release|Any CPU.Build.0 = Release|Any CPU
		{792798B1-8756-49DF-A5EA-EC729D5A2AAD}.Debug|Any CPU.ActiveCfg = Debug|Any CPU
		{792798B1-8756-49DF-A5EA-EC729D5A2AAD}.Debug|Any CPU.Build.0 = Debug|Any CPU
		{792798B1-8756-49DF-A5EA-EC729D5A2AAD}.Release|Any CPU.ActiveCfg = Release|Any CPU
		{792798B1-8756-49DF-A5EA-EC729D5A2AAD}.Release|Any CPU.Build.0 = Release|Any CPU
		{52F04F6D-9449-47B7-870E-3407BDFBAD70}.Debug|Any CPU.ActiveCfg = Debug|Any CPU
		{52F04F6D-9449-47B7-870E-3407BDFBAD70}.Debug|Any CPU.Build.0 = Debug|Any CPU
		{52F04F6D-9449-47B7-870E-3407BDFBAD70}.Release|Any CPU.ActiveCfg = Release|Any CPU
		{52F04F6D-9449-47B7-870E-3407BDFBAD70}.Release|Any CPU.Build.0 = Release|Any CPU
		{5DC588D2-E222-4CD2-AC54-A008D79EBA25}.Debug|Any CPU.ActiveCfg = Debug|Any CPU
		{5DC588D2-E222-4CD2-AC54-A008D79EBA25}.Debug|Any CPU.Build.0 = Debug|Any CPU
		{5DC588D2-E222-4CD2-AC54-A008D79EBA25}.Release|Any CPU.ActiveCfg = Release|Any CPU
		{5DC588D2-E222-4CD2-AC54-A008D79EBA25}.Release|Any CPU.Build.0 = Release|Any CPU
		{F0CF4624-154D-4D94-BBA6-F58AC5191CEF}.Debug|Any CPU.ActiveCfg = Debug|Any CPU
		{F0CF4624-154D-4D94-BBA6-F58AC5191CEF}.Debug|Any CPU.Build.0 = Debug|Any CPU
		{F0CF4624-154D-4D94-BBA6-F58AC5191CEF}.Release|Any CPU.ActiveCfg = Release|Any CPU
		{F0CF4624-154D-4D94-BBA6-F58AC5191CEF}.Release|Any CPU.Build.0 = Release|Any CPU
		{E835D6F0-E48A-42DA-AB6E-8BFE0EFCC740}.Debug|Any CPU.ActiveCfg = Debug|Any CPU
		{E835D6F0-E48A-42DA-AB6E-8BFE0EFCC740}.Debug|Any CPU.Build.0 = Debug|Any CPU
		{E835D6F0-E48A-42DA-AB6E-8BFE0EFCC740}.Release|Any CPU.ActiveCfg = Release|Any CPU
		{E835D6F0-E48A-42DA-AB6E-8BFE0EFCC740}.Release|Any CPU.Build.0 = Release|Any CPU
		{5374FB3D-4C47-4659-93B1-968336126538}.Debug|Any CPU.ActiveCfg = Debug|Any CPU
		{5374FB3D-4C47-4659-93B1-968336126538}.Debug|Any CPU.Build.0 = Debug|Any CPU
		{5374FB3D-4C47-4659-93B1-968336126538}.Release|Any CPU.ActiveCfg = Release|Any CPU
		{5374FB3D-4C47-4659-93B1-968336126538}.Release|Any CPU.Build.0 = Release|Any CPU
		{1228115B-F5D1-4F72-BA4A-C23C1425A8BA}.Debug|Any CPU.ActiveCfg = Debug|Any CPU
		{1228115B-F5D1-4F72-BA4A-C23C1425A8BA}.Debug|Any CPU.Build.0 = Debug|Any CPU
		{1228115B-F5D1-4F72-BA4A-C23C1425A8BA}.Release|Any CPU.ActiveCfg = Release|Any CPU
		{1228115B-F5D1-4F72-BA4A-C23C1425A8BA}.Release|Any CPU.Build.0 = Release|Any CPU
		{27949451-F9E1-4040-87D1-269BD2DFB335}.Debug|Any CPU.ActiveCfg = Debug|Any CPU
		{27949451-F9E1-4040-87D1-269BD2DFB335}.Debug|Any CPU.Build.0 = Debug|Any CPU
		{27949451-F9E1-4040-87D1-269BD2DFB335}.Release|Any CPU.ActiveCfg = Release|Any CPU
		{27949451-F9E1-4040-87D1-269BD2DFB335}.Release|Any CPU.Build.0 = Release|Any CPU
	EndGlobalSection
	GlobalSection(SolutionProperties) = preSolution
		HideSolutionNode = FALSE
	EndGlobalSection
	GlobalSection(NestedProjects) = preSolution
		{A90CD1BF-EE7E-490A-8A3C-75CDA796CE46} = {555C0AC0-5427-442F-A68F-89F0D193723E}
		{07C007FE-FB1F-4C66-ACB9-8E2D346B878F} = {1490D480-3FCC-4CF8-9D98-5EE390E3D83E}
		{2468476C-3DDB-4941-8976-6CC75C729380} = {555C0AC0-5427-442F-A68F-89F0D193723E}
		{3BE64D99-025E-45B6-9AB8-2CD41733D053} = {555C0AC0-5427-442F-A68F-89F0D193723E}
		{3AA81C56-5E03-4063-83A1-F5023EDB11F7} = {A1183C0F-6E6A-46D3-80A5-FE9481BB50BF}
		{75D8560E-B24E-4649-B583-F3F92D64CC16} = {555C0AC0-5427-442F-A68F-89F0D193723E}
		{4153B4D1-3F1A-4192-9280-F1B8CA0EF554} = {555C0AC0-5427-442F-A68F-89F0D193723E}
		{F2AB9995-DB4A-4154-9272-D981BE564F71} = {A1183C0F-6E6A-46D3-80A5-FE9481BB50BF}
		{B99833F8-AEB9-4763-9CAB-1448813C4FE8} = {A1183C0F-6E6A-46D3-80A5-FE9481BB50BF}
		{03076A41-851F-49C9-88FA-02CA4FF6838C} = {1490D480-3FCC-4CF8-9D98-5EE390E3D83E}
		{792798B1-8756-49DF-A5EA-EC729D5A2AAD} = {1490D480-3FCC-4CF8-9D98-5EE390E3D83E}
		{52F04F6D-9449-47B7-870E-3407BDFBAD70} = {555C0AC0-5427-442F-A68F-89F0D193723E}
		{5DC588D2-E222-4CD2-AC54-A008D79EBA25} = {555C0AC0-5427-442F-A68F-89F0D193723E}
		{F0CF4624-154D-4D94-BBA6-F58AC5191CEF} = {A1183C0F-6E6A-46D3-80A5-FE9481BB50BF}
		{E835D6F0-E48A-42DA-AB6E-8BFE0EFCC740} = {A1183C0F-6E6A-46D3-80A5-FE9481BB50BF}
		{5374FB3D-4C47-4659-93B1-968336126538} = {1490D480-3FCC-4CF8-9D98-5EE390E3D83E}
		{1228115B-F5D1-4F72-BA4A-C23C1425A8BA} = {1490D480-3FCC-4CF8-9D98-5EE390E3D83E}
		{27949451-F9E1-4040-87D1-269BD2DFB335} = {1490D480-3FCC-4CF8-9D98-5EE390E3D83E}
	EndGlobalSection
	GlobalSection(ExtensibilityGlobals) = postSolution
		SolutionGuid = {8CB63B2A-08AF-4F1B-BA8B-94FAC71F7783}
	EndGlobalSection
EndGlobal
